
Microsoft Visual Studio Solution File, Format Version 12.00
# Visual Studio Version 17
VisualStudioVersion = 17.14.36414.22
MinimumVisualStudioVersion = 10.0.40219.1
Project("{FAE04EC0-301F-11D3-BF4B-00C04F79EFBC}") = "GabsHybridApp.Maui", "GabsHybridApp\GabsHybridApp.Maui\GabsHybridApp.Maui.csproj", "{5C4B13C1-5EFD-46A8-9941-F2E082A7EFB8}"
EndProject
Project("{FAE04EC0-301F-11D3-BF4B-00C04F79EFBC}") = "GabsHybridApp.Shared", "GabsHybridApp\GabsHybridApp.Shared\GabsHybridApp.Shared.csproj", "{5C35CF1E-6B7C-48D2-B2CB-E9C07376E820}"
EndProject
Project("{FAE04EC0-301F-11D3-BF4B-00C04F79EFBC}") = "GabsHybridApp.Web", "GabsHybridApp\GabsHybridApp.Web\GabsHybridApp.Web.csproj", "{70498666-E4F5-4A14-B1AE-C12570095488}"
EndProject
Global
	GlobalSection(SolutionConfigurationPlatforms) = preSolution
		Debug|Any CPU = Debug|Any CPU
		Release|Any CPU = Release|Any CPU
	EndGlobalSection
	GlobalSection(ProjectConfigurationPlatforms) = postSolution
		{5C4B13C1-5EFD-46A8-9941-F2E082A7EFB8}.Debug|Any CPU.ActiveCfg = Debug|Any CPU
		{5C4B13C1-5EFD-46A8-9941-F2E082A7EFB8}.Debug|Any CPU.Build.0 = Debug|Any CPU
		{5C4B13C1-5EFD-46A8-9941-F2E082A7EFB8}.Release|Any CPU.ActiveCfg = Release|Any CPU
		{5C4B13C1-5EFD-46A8-9941-F2E082A7EFB8}.Release|Any CPU.Build.0 = Release|Any CPU
		{5C35CF1E-6B7C-48D2-B2CB-E9C07376E820}.Debug|Any CPU.ActiveCfg = Debug|Any CPU
		{5C35CF1E-6B7C-48D2-B2CB-E9C07376E820}.Debug|Any CPU.Build.0 = Debug|Any CPU
		{5C35CF1E-6B7C-48D2-B2CB-E9C07376E820}.Release|Any CPU.ActiveCfg = Release|Any CPU
		{5C35CF1E-6B7C-48D2-B2CB-E9C07376E820}.Release|Any CPU.Build.0 = Release|Any CPU
		{70498666-E4F5-4A14-B1AE-C12570095488}.Debug|Any CPU.ActiveCfg = Debug|Any CPU
		{70498666-E4F5-4A14-B1AE-C12570095488}.Debug|Any CPU.Build.0 = Debug|Any CPU
		{70498666-E4F5-4A14-B1AE-C12570095488}.Release|Any CPU.ActiveCfg = Release|Any CPU
		{70498666-E4F5-4A14-B1AE-C12570095488}.Release|Any CPU.Build.0 = Release|Any CPU
	EndGlobalSection
	GlobalSection(SolutionProperties) = preSolution
		HideSolutionNode = FALSE
	EndGlobalSection
	GlobalSection(ExtensibilityGlobals) = postSolution
		SolutionGuid = {74C4768A-9CFF-4349-A34B-5578DA55A960}
	EndGlobalSection
EndGlobal
